// !$*UTF8*$!
{
	archiveVersion = 1;
	classes = {
	};
	objectVersion = 77;
	objects = {

/* Begin PBXBuildFile section */
		D51476972CA3F7E0002C9035 /* SoundControlKit in Frameworks */ = {isa = PBXBuildFile; productRef = D51476962CA3F7E0002C9035 /* SoundControlKit */; };
		D5198EAE2CA5AA290045FD05 /* Shared.swift in Sources */ = {isa = PBXBuildFile; fileRef = D5198EAD2CA5AA290045FD05 /* Shared.swift */; };
		D5198EB42CA5AB720045FD05 /* SoundManager.swift in Sources */ = {isa = PBXBuildFile; fileRef = D5198EB32CA5AB720045FD05 /* SoundManager.swift */; };
		D5198EB62CA5ABEE0045FD05 /* RecordingListView.swift in Sources */ = {isa = PBXBuildFile; fileRef = D5198EB52CA5ABEE0045FD05 /* RecordingListView.swift */; };
		D5198EB82CA5AC310045FD05 /* HomeView.swift in Sources */ = {isa = PBXBuildFile; fileRef = D5198EB72CA5AC310045FD05 /* HomeView.swift */; };
		D5198EBA2CA5AC560045FD05 /* Indicator.swift in Sources */ = {isa = PBXBuildFile; fileRef = D5198EB92CA5AC560045FD05 /* Indicator.swift */; };
		D5198EC02CA5AD910045FD05 /* View+CornerRadius.swift in Sources */ = {isa = PBXBuildFile; fileRef = D5198EBE2CA5AD910045FD05 /* View+CornerRadius.swift */; };
		D5198EC22CA5AED80045FD05 /* PlayerView.swift in Sources */ = {isa = PBXBuildFile; fileRef = D5198EC12CA5AED80045FD05 /* PlayerView.swift */; };
		D5198EC42CA5B04B0045FD05 /* RecordingControllerView.swift in Sources */ = {isa = PBXBuildFile; fileRef = D5198EC32CA5B04B0045FD05 /* RecordingControllerView.swift */; };
		D56DA5732B0A77A0006CE22B /* Assets.xcassets in Resources */ = {isa = PBXBuildFile; fileRef = D56DA5722B0A77A0006CE22B /* Assets.xcassets */; };
		D56DA5762B0A77A0006CE22B /* Preview Assets.xcassets in Resources */ = {isa = PBXBuildFile; fileRef = D56DA5752B0A77A0006CE22B /* Preview Assets.xcassets */; };
		D56DA5862B0A77E2006CE22B /* RecorderButton.swift in Sources */ = {isa = PBXBuildFile; fileRef = D56DA5802B0A77E2006CE22B /* RecorderButton.swift */; };
		D56DA5872B0A77E2006CE22B /* PlayerButton.swift in Sources */ = {isa = PBXBuildFile; fileRef = D56DA5812B0A77E2006CE22B /* PlayerButton.swift */; };
		D5AFC0B82CA6E3E700A030AD /* SCKAudioPlayer++.swift in Sources */ = {isa = PBXBuildFile; fileRef = D5AFC0B72CA6E3E700A030AD /* SCKAudioPlayer++.swift */; };
		D5AFC0BA2CA6EF4B00A030AD /* VoiceMemo.swift in Sources */ = {isa = PBXBuildFile; fileRef = D5AFC0B92CA6EF4B00A030AD /* VoiceMemo.swift */; };
/* End PBXBuildFile section */

/* Begin PBXFileReference section */
		D5198EAD2CA5AA290045FD05 /* Shared.swift */ = {isa = PBXFileReference; lastKnownFileType = sourcecode.swift; path = Shared.swift; sourceTree = "<group>"; };
		D5198EB32CA5AB720045FD05 /* SoundManager.swift */ = {isa = PBXFileReference; lastKnownFileType = sourcecode.swift; path = SoundManager.swift; sourceTree = "<group>"; };
		D5198EB52CA5ABEE0045FD05 /* RecordingListView.swift */ = {isa = PBXFileReference; lastKnownFileType = sourcecode.swift; path = RecordingListView.swift; sourceTree = "<group>"; };
		D5198EB72CA5AC310045FD05 /* HomeView.swift */ = {isa = PBXFileReference; lastKnownFileType = sourcecode.swift; path = HomeView.swift; sourceTree = "<group>"; };
		D5198EB92CA5AC560045FD05 /* Indicator.swift */ = {isa = PBXFileReference; lastKnownFileType = sourcecode.swift; path = Indicator.swift; sourceTree = "<group>"; };
		D5198EBE2CA5AD910045FD05 /* View+CornerRadius.swift */ = {isa = PBXFileReference; lastKnownFileType = sourcecode.swift; path = "View+CornerRadius.swift"; sourceTree = "<group>"; };
		D5198EC12CA5AED80045FD05 /* PlayerView.swift */ = {isa = PBXFileReference; lastKnownFileType = sourcecode.swift; path = PlayerView.swift; sourceTree = "<group>"; };
		D5198EC32CA5B04B0045FD05 /* RecordingControllerView.swift */ = {isa = PBXFileReference; lastKnownFileType = sourcecode.swift; path = RecordingControllerView.swift; sourceTree = "<group>"; };
		D56DA56B2B0A779E006CE22B /* VoiceMemo.app */ = {isa = PBXFileReference; explicitFileType = wrapper.application; includeInIndex = 0; path = VoiceMemo.app; sourceTree = BUILT_PRODUCTS_DIR; };
		D56DA5722B0A77A0006CE22B /* Assets.xcassets */ = {isa = PBXFileReference; lastKnownFileType = folder.assetcatalog; path = Assets.xcassets; sourceTree = "<group>"; };
		D56DA5752B0A77A0006CE22B /* Preview Assets.xcassets */ = {isa = PBXFileReference; lastKnownFileType = folder.assetcatalog; path = "Preview Assets.xcassets"; sourceTree = "<group>"; };
		D56DA5802B0A77E2006CE22B /* RecorderButton.swift */ = {isa = PBXFileReference; fileEncoding = 4; lastKnownFileType = sourcecode.swift; path = RecorderButton.swift; sourceTree = "<group>"; };
		D56DA5812B0A77E2006CE22B /* PlayerButton.swift */ = {isa = PBXFileReference; fileEncoding = 4; lastKnownFileType = sourcecode.swift; path = PlayerButton.swift; sourceTree = "<group>"; };
		D5AFC0B72CA6E3E700A030AD /* SCKAudioPlayer++.swift */ = {isa = PBXFileReference; lastKnownFileType = sourcecode.swift; path = "SCKAudioPlayer++.swift"; sourceTree = "<group>"; };
		D5AFC0B92CA6EF4B00A030AD /* VoiceMemo.swift */ = {isa = PBXFileReference; lastKnownFileType = sourcecode.swift; path = VoiceMemo.swift; sourceTree = "<group>"; };
/* End PBXFileReference section */

/* Begin PBXFrameworksBuildPhase section */
		D56DA5682B0A779E006CE22B /* Frameworks */ = {
			isa = PBXFrameworksBuildPhase;
			buildActionMask = 2147483647;
			files = (
				D51476972CA3F7E0002C9035 /* SoundControlKit in Frameworks */,
			);
			runOnlyForDeploymentPostprocessing = 0;
		};
/* End PBXFrameworksBuildPhase section */

/* Begin PBXGroup section */
		D5198EBF2CA5AD910045FD05 /* Extensions */ = {
			isa = PBXGroup;
			children = (
				D5198EBE2CA5AD910045FD05 /* View+CornerRadius.swift */,
				D5AFC0B72CA6E3E700A030AD /* SCKAudioPlayer++.swift */,
			);
			path = Extensions;
			sourceTree = "<group>";
		};
		D56DA5622B0A779E006CE22B = {
			isa = PBXGroup;
			children = (
				D56DA56D2B0A779E006CE22B /* VoiceMemo */,
				D56DA56C2B0A779E006CE22B /* Products */,
			);
			sourceTree = "<group>";
		};
		D56DA56C2B0A779E006CE22B /* Products */ = {
			isa = PBXGroup;
			children = (
				D56DA56B2B0A779E006CE22B /* VoiceMemo.app */,
			);
			name = Products;
			sourceTree = "<group>";
		};
		D56DA56D2B0A779E006CE22B /* VoiceMemo */ = {
			isa = PBXGroup;
			children = (
				D5198EBF2CA5AD910045FD05 /* Extensions */,
				D56DA58C2B0A78CA006CE22B /* Views */,
				D56DA57E2B0A77E2006CE22B /* Components */,
				D56DA58D2B0A78CD006CE22B /* Models */,
				D56DA58E2B0A78E8006CE22B /* Resources */,
				D56DA5742B0A77A0006CE22B /* Preview Content */,
			);
			path = VoiceMemo;
			sourceTree = "<group>";
		};
		D56DA5742B0A77A0006CE22B /* Preview Content */ = {
			isa = PBXGroup;
			children = (
				D56DA5752B0A77A0006CE22B /* Preview Assets.xcassets */,
			);
			path = "Preview Content";
			sourceTree = "<group>";
		};
		D56DA57E2B0A77E2006CE22B /* Components */ = {
			isa = PBXGroup;
			children = (
				D56DA5802B0A77E2006CE22B /* RecorderButton.swift */,
				D56DA5812B0A77E2006CE22B /* PlayerButton.swift */,
			);
			path = Components;
			sourceTree = "<group>";
		};
		D56DA58C2B0A78CA006CE22B /* Views */ = {
			isa = PBXGroup;
			children = (
				D5AFC0B92CA6EF4B00A030AD /* VoiceMemo.swift */,
				D5198EB72CA5AC310045FD05 /* HomeView.swift */,
				D5198EC32CA5B04B0045FD05 /* RecordingControllerView.swift */,
				D5198EB92CA5AC560045FD05 /* Indicator.swift */,
				D5198EB52CA5ABEE0045FD05 /* RecordingListView.swift */,
				D5198EC12CA5AED80045FD05 /* PlayerView.swift */,
			);
			path = Views;
			sourceTree = "<group>";
		};
		D56DA58D2B0A78CD006CE22B /* Models */ = {
			isa = PBXGroup;
			children = (
				D5198EB32CA5AB720045FD05 /* SoundManager.swift */,
				D5198EAD2CA5AA290045FD05 /* Shared.swift */,
			);
			path = Models;
			sourceTree = "<group>";
		};
		D56DA58E2B0A78E8006CE22B /* Resources */ = {
			isa = PBXGroup;
			children = (
				D56DA5722B0A77A0006CE22B /* Assets.xcassets */,
			);
			path = Resources;
			sourceTree = "<group>";
		};
/* End PBXGroup section */

/* Begin PBXNativeTarget section */
		D56DA56A2B0A779E006CE22B /* VoiceMemo */ = {
			isa = PBXNativeTarget;
			buildConfigurationList = D56DA5792B0A77A0006CE22B /* Build configuration list for PBXNativeTarget "VoiceMemo" */;
			buildPhases = (
				D56DA5672B0A779E006CE22B /* Sources */,
				D56DA5682B0A779E006CE22B /* Frameworks */,
				D56DA5692B0A779E006CE22B /* Resources */,
			);
			buildRules = (
			);
			dependencies = (
			);
			name = VoiceMemo;
			packageProductDependencies = (
				D51476962CA3F7E0002C9035 /* SoundControlKit */,
			);
			productName = SoundControlKitExample;
			productReference = D56DA56B2B0A779E006CE22B /* VoiceMemo.app */;
			productType = "com.apple.product-type.application";
		};
/* End PBXNativeTarget section */

/* Begin PBXProject section */
		D56DA5632B0A779E006CE22B /* Project object */ = {
			isa = PBXProject;
			attributes = {
				BuildIndependentTargetsInParallel = 1;
				LastSwiftUpdateCheck = 1500;
				LastUpgradeCheck = 1500;
				TargetAttributes = {
					D56DA56A2B0A779E006CE22B = {
						CreatedOnToolsVersion = 15.0.1;
					};
				};
			};
			buildConfigurationList = D56DA5662B0A779E006CE22B /* Build configuration list for PBXProject "VoiceMemo" */;
			developmentRegion = en;
			hasScannedForEncodings = 0;
			knownRegions = (
				en,
				Base,
			);
			mainGroup = D56DA5622B0A779E006CE22B;
			packageReferences = (
				D51476952CA3F7E0002C9035 /* XCLocalSwiftPackageReference "../../SoundControlKit" */,
			);
			preferredProjectObjectVersion = 77;
			productRefGroup = D56DA56C2B0A779E006CE22B /* Products */;
			projectDirPath = "";
			projectRoot = "";
			targets = (
				D56DA56A2B0A779E006CE22B /* VoiceMemo */,
			);
		};
/* End PBXProject section */

/* Begin PBXResourcesBuildPhase section */
		D56DA5692B0A779E006CE22B /* Resources */ = {
			isa = PBXResourcesBuildPhase;
			buildActionMask = 2147483647;
			files = (
				D56DA5762B0A77A0006CE22B /* Preview Assets.xcassets in Resources */,
				D56DA5732B0A77A0006CE22B /* Assets.xcassets in Resources */,
			);
			runOnlyForDeploymentPostprocessing = 0;
		};
/* End PBXResourcesBuildPhase section */

/* Begin PBXSourcesBuildPhase section */
		D56DA5672B0A779E006CE22B /* Sources */ = {
			isa = PBXSourcesBuildPhase;
			buildActionMask = 2147483647;
			files = (
				D5198EB62CA5ABEE0045FD05 /* RecordingListView.swift in Sources */,
				D5198EAE2CA5AA290045FD05 /* Shared.swift in Sources */,
				D5198EB82CA5AC310045FD05 /* HomeView.swift in Sources */,
				D5198EC42CA5B04B0045FD05 /* RecordingControllerView.swift in Sources */,
				D5198EC22CA5AED80045FD05 /* PlayerView.swift in Sources */,
				D5198EC02CA5AD910045FD05 /* View+CornerRadius.swift in Sources */,
				D5AFC0BA2CA6EF4B00A030AD /* VoiceMemo.swift in Sources */,
				D5198EBA2CA5AC560045FD05 /* Indicator.swift in Sources */,
				D5AFC0B82CA6E3E700A030AD /* SCKAudioPlayer++.swift in Sources */,
				D56DA5872B0A77E2006CE22B /* PlayerButton.swift in Sources */,
				D56DA5862B0A77E2006CE22B /* RecorderButton.swift in Sources */,
				D5198EB42CA5AB720045FD05 /* SoundManager.swift in Sources */,
			);
			runOnlyForDeploymentPostprocessing = 0;
		};
/* End PBXSourcesBuildPhase section */

/* Begin XCBuildConfiguration section */
		D56DA5772B0A77A0006CE22B /* Debug */ = {
			isa = XCBuildConfiguration;
			buildSettings = {
				ALWAYS_SEARCH_USER_PATHS = NO;
				ASSETCATALOG_COMPILER_GENERATE_SWIFT_ASSET_SYMBOL_EXTENSIONS = YES;
				CLANG_ANALYZER_NONNULL = YES;
				CLANG_ANALYZER_NUMBER_OBJECT_CONVERSION = YES_AGGRESSIVE;
				CLANG_CXX_LANGUAGE_STANDARD = "gnu++20";
				CLANG_ENABLE_MODULES = YES;
				CLANG_ENABLE_OBJC_ARC = YES;
				CLANG_ENABLE_OBJC_WEAK = YES;
				CLANG_WARN_BLOCK_CAPTURE_AUTORELEASING = YES;
				CLANG_WARN_BOOL_CONVERSION = YES;
				CLANG_WARN_COMMA = YES;
				CLANG_WARN_CONSTANT_CONVERSION = YES;
				CLANG_WARN_DEPRECATED_OBJC_IMPLEMENTATIONS = YES;
				CLANG_WARN_DIRECT_OBJC_ISA_USAGE = YES_ERROR;
				CLANG_WARN_DOCUMENTATION_COMMENTS = YES;
				CLANG_WARN_EMPTY_BODY = YES;
				CLANG_WARN_ENUM_CONVERSION = YES;
				CLANG_WARN_INFINITE_RECURSION = YES;
				CLANG_WARN_INT_CONVERSION = YES;
				CLANG_WARN_NON_LITERAL_NULL_CONVERSION = YES;
				CLANG_WARN_OBJC_IMPLICIT_RETAIN_SELF = YES;
				CLANG_WARN_OBJC_LITERAL_CONVERSION = YES;
				CLANG_WARN_OBJC_ROOT_CLASS = YES_ERROR;
				CLANG_WARN_QUOTED_INCLUDE_IN_FRAMEWORK_HEADER = YES;
				CLANG_WARN_RANGE_LOOP_ANALYSIS = YES;
				CLANG_WARN_STRICT_PROTOTYPES = YES;
				CLANG_WARN_SUSPICIOUS_MOVE = YES;
				CLANG_WARN_UNGUARDED_AVAILABILITY = YES_AGGRESSIVE;
				CLANG_WARN_UNREACHABLE_CODE = YES;
				CLANG_WARN__DUPLICATE_METHOD_MATCH = YES;
				COPY_PHASE_STRIP = NO;
				DEBUG_INFORMATION_FORMAT = dwarf;
				ENABLE_STRICT_OBJC_MSGSEND = YES;
				ENABLE_TESTABILITY = YES;
				ENABLE_USER_SCRIPT_SANDBOXING = YES;
				GCC_C_LANGUAGE_STANDARD = gnu17;
				GCC_DYNAMIC_NO_PIC = NO;
				GCC_NO_COMMON_BLOCKS = YES;
				GCC_OPTIMIZATION_LEVEL = 0;
				GCC_PREPROCESSOR_DEFINITIONS = (
					"DEBUG=1",
					"$(inherited)",
				);
				GCC_WARN_64_TO_32_BIT_CONVERSION = YES;
				GCC_WARN_ABOUT_RETURN_TYPE = YES_ERROR;
				GCC_WARN_UNDECLARED_SELECTOR = YES;
				GCC_WARN_UNINITIALIZED_AUTOS = YES_AGGRESSIVE;
				GCC_WARN_UNUSED_FUNCTION = YES;
				GCC_WARN_UNUSED_VARIABLE = YES;
				IPHONEOS_DEPLOYMENT_TARGET = 14.0;
				LOCALIZATION_PREFERS_STRING_CATALOGS = YES;
				MTL_ENABLE_DEBUG_INFO = INCLUDE_SOURCE;
				MTL_FAST_MATH = YES;
				ONLY_ACTIVE_ARCH = YES;
				SDKROOT = iphoneos;
				SWIFT_ACTIVE_COMPILATION_CONDITIONS = "DEBUG $(inherited)";
				SWIFT_OPTIMIZATION_LEVEL = "-Onone";
			};
			name = Debug;
		};
		D56DA5782B0A77A0006CE22B /* Release */ = {
			isa = XCBuildConfiguration;
			buildSettings = {
				ALWAYS_SEARCH_USER_PATHS = NO;
				ASSETCATALOG_COMPILER_GENERATE_SWIFT_ASSET_SYMBOL_EXTENSIONS = YES;
				CLANG_ANALYZER_NONNULL = YES;
				CLANG_ANALYZER_NUMBER_OBJECT_CONVERSION = YES_AGGRESSIVE;
				CLANG_CXX_LANGUAGE_STANDARD = "gnu++20";
				CLANG_ENABLE_MODULES = YES;
				CLANG_ENABLE_OBJC_ARC = YES;
				CLANG_ENABLE_OBJC_WEAK = YES;
				CLANG_WARN_BLOCK_CAPTURE_AUTORELEASING = YES;
				CLANG_WARN_BOOL_CONVERSION = YES;
				CLANG_WARN_COMMA = YES;
				CLANG_WARN_CONSTANT_CONVERSION = YES;
				CLANG_WARN_DEPRECATED_OBJC_IMPLEMENTATIONS = YES;
				CLANG_WARN_DIRECT_OBJC_ISA_USAGE = YES_ERROR;
				CLANG_WARN_DOCUMENTATION_COMMENTS = YES;
				CLANG_WARN_EMPTY_BODY = YES;
				CLANG_WARN_ENUM_CONVERSION = YES;
				CLANG_WARN_INFINITE_RECURSION = YES;
				CLANG_WARN_INT_CONVERSION = YES;
				CLANG_WARN_NON_LITERAL_NULL_CONVERSION = YES;
				CLANG_WARN_OBJC_IMPLICIT_RETAIN_SELF = YES;
				CLANG_WARN_OBJC_LITERAL_CONVERSION = YES;
				CLANG_WARN_OBJC_ROOT_CLASS = YES_ERROR;
				CLANG_WARN_QUOTED_INCLUDE_IN_FRAMEWORK_HEADER = YES;
				CLANG_WARN_RANGE_LOOP_ANALYSIS = YES;
				CLANG_WARN_STRICT_PROTOTYPES = YES;
				CLANG_WARN_SUSPICIOUS_MOVE = YES;
				CLANG_WARN_UNGUARDED_AVAILABILITY = YES_AGGRESSIVE;
				CLANG_WARN_UNREACHABLE_CODE = YES;
				CLANG_WARN__DUPLICATE_METHOD_MATCH = YES;
				COPY_PHASE_STRIP = NO;
				DEBUG_INFORMATION_FORMAT = "dwarf-with-dsym";
				ENABLE_NS_ASSERTIONS = NO;
				ENABLE_STRICT_OBJC_MSGSEND = YES;
				ENABLE_USER_SCRIPT_SANDBOXING = YES;
				GCC_C_LANGUAGE_STANDARD = gnu17;
				GCC_NO_COMMON_BLOCKS = YES;
				GCC_WARN_64_TO_32_BIT_CONVERSION = YES;
				GCC_WARN_ABOUT_RETURN_TYPE = YES_ERROR;
				GCC_WARN_UNDECLARED_SELECTOR = YES;
				GCC_WARN_UNINITIALIZED_AUTOS = YES_AGGRESSIVE;
				GCC_WARN_UNUSED_FUNCTION = YES;
				GCC_WARN_UNUSED_VARIABLE = YES;
				IPHONEOS_DEPLOYMENT_TARGET = 14.0;
				LOCALIZATION_PREFERS_STRING_CATALOGS = YES;
				MTL_ENABLE_DEBUG_INFO = NO;
				MTL_FAST_MATH = YES;
				SDKROOT = iphoneos;
				SWIFT_COMPILATION_MODE = wholemodule;
				VALIDATE_PRODUCT = YES;
			};
			name = Release;
		};
		D56DA57A2B0A77A0006CE22B /* Debug */ = {
			isa = XCBuildConfiguration;
			buildSettings = {
				ASSETCATALOG_COMPILER_APPICON_NAME = AppIcon;
				ASSETCATALOG_COMPILER_GLOBAL_ACCENT_COLOR_NAME = AccentColor;
				CODE_SIGN_STYLE = Automatic;
				CURRENT_PROJECT_VERSION = 1;
				DEVELOPMENT_ASSET_PATHS = "\"VoiceMemo/Preview Content\"";
				DEVELOPMENT_TEAM = DNW46HQPWS;
				ENABLE_PREVIEWS = YES;
				GENERATE_INFOPLIST_FILE = YES;
				INFOPLIST_KEY_CFBundleDisplayName = VoiceMemo;
				INFOPLIST_KEY_LSApplicationCategoryType = "public.app-category.lifestyle";
				INFOPLIST_KEY_NSMicrophoneUsageDescription = "We need access to your microphone to enable experts to send audio messages and participate in video calls, providing a richer and more interactive support experience.";
				INFOPLIST_KEY_UIApplicationSceneManifest_Generation = YES;
				INFOPLIST_KEY_UIApplicationSupportsIndirectInputEvents = YES;
				INFOPLIST_KEY_UILaunchScreen_Generation = YES;
				INFOPLIST_KEY_UISupportedInterfaceOrientations = UIInterfaceOrientationPortrait;
				INFOPLIST_KEY_UISupportedInterfaceOrientations_iPad = "UIInterfaceOrientationLandscapeLeft UIInterfaceOrientationLandscapeRight UIInterfaceOrientationPortrait UIInterfaceOrientationPortraitUpsideDown";
				IPHONEOS_DEPLOYMENT_TARGET = 15.6;
				LD_RUNPATH_SEARCH_PATHS = (
					"$(inherited)",
					"@executable_path/Frameworks",
				);
				MARKETING_VERSION = 1.0.0;
				PRODUCT_BUNDLE_IDENTIFIER = com.sck.voicememos;
				PRODUCT_NAME = "$(TARGET_NAME)";
				SUPPORTED_PLATFORMS = "iphoneos iphonesimulator";
				SUPPORTS_MACCATALYST = NO;
				SWIFT_EMIT_LOC_STRINGS = YES;
				SWIFT_VERSION = 5.0;
				TARGETED_DEVICE_FAMILY = 1;
			};
			name = Debug;
		};
		D56DA57B2B0A77A0006CE22B /* Release */ = {
			isa = XCBuildConfiguration;
			buildSettings = {
				ASSETCATALOG_COMPILER_APPICON_NAME = AppIcon;
				ASSETCATALOG_COMPILER_GLOBAL_ACCENT_COLOR_NAME = AccentColor;
				CODE_SIGN_STYLE = Automatic;
				CURRENT_PROJECT_VERSION = 1;
				DEVELOPMENT_ASSET_PATHS = "\"VoiceMemo/Preview Content\"";
				DEVELOPMENT_TEAM = DNW46HQPWS;
				ENABLE_PREVIEWS = YES;
				GENERATE_INFOPLIST_FILE = YES;
				INFOPLIST_KEY_CFBundleDisplayName = VoiceMemo;
				INFOPLIST_KEY_LSApplicationCategoryType = "public.app-category.lifestyle";
				INFOPLIST_KEY_NSMicrophoneUsageDescription = "We need access to your microphone to enable experts to send audio messages and participate in video calls, providing a richer and more interactive support experience.";
				INFOPLIST_KEY_UIApplicationSceneManifest_Generation = YES;
				INFOPLIST_KEY_UIApplicationSupportsIndirectInputEvents = YES;
				INFOPLIST_KEY_UILaunchScreen_Generation = YES;
				INFOPLIST_KEY_UISupportedInterfaceOrientations = UIInterfaceOrientationPortrait;
				INFOPLIST_KEY_UISupportedInterfaceOrientations_iPad = "UIInterfaceOrientationLandscapeLeft UIInterfaceOrientationLandscapeRight UIInterfaceOrientationPortrait UIInterfaceOrientationPortraitUpsideDown";
				IPHONEOS_DEPLOYMENT_TARGET = 15.6;
				LD_RUNPATH_SEARCH_PATHS = (
					"$(inherited)",
					"@executable_path/Frameworks",
				);
				MARKETING_VERSION = 1.0.0;
				PRODUCT_BUNDLE_IDENTIFIER = com.sck.voicememos;
				PRODUCT_NAME = "$(TARGET_NAME)";
				SUPPORTED_PLATFORMS = "iphoneos iphonesimulator";
				SUPPORTS_MACCATALYST = NO;
				SWIFT_EMIT_LOC_STRINGS = YES;
				SWIFT_VERSION = 5.0;
				TARGETED_DEVICE_FAMILY = 1;
			};
			name = Release;
		};
/* End XCBuildConfiguration section */

/* Begin XCConfigurationList section */
		D56DA5662B0A779E006CE22B /* Build configuration list for PBXProject "VoiceMemo" */ = {
			isa = XCConfigurationList;
			buildConfigurations = (
				D56DA5772B0A77A0006CE22B /* Debug */,
				D56DA5782B0A77A0006CE22B /* Release */,
			);
			defaultConfigurationIsVisible = 0;
			defaultConfigurationName = Release;
		};
		D56DA5792B0A77A0006CE22B /* Build configuration list for PBXNativeTarget "VoiceMemo" */ = {
			isa = XCConfigurationList;
			buildConfigurations = (
				D56DA57A2B0A77A0006CE22B /* Debug */,
				D56DA57B2B0A77A0006CE22B /* Release */,
			);
			defaultConfigurationIsVisible = 0;
			defaultConfigurationName = Release;
		};
/* End XCConfigurationList section */

/* Begin XCLocalSwiftPackageReference section */
		D51476952CA3F7E0002C9035 /* XCLocalSwiftPackageReference "../../SoundControlKit" */ = {
			isa = XCLocalSwiftPackageReference;
			relativePath = ../../SoundControlKit;
		};
/* End XCLocalSwiftPackageReference section */

/* Begin XCSwiftPackageProductDependency section */
		D51476962CA3F7E0002C9035 /* SoundControlKit */ = {
			isa = XCSwiftPackageProductDependency;
			productName = SoundControlKit;
		};
/* End XCSwiftPackageProductDependency section */
	};
	rootObject = D56DA5632B0A779E006CE22B /* Project object */;
}
